
Microsoft Visual Studio Solution File, Format Version 12.00
# Visual Studio Version 16
VisualStudioVersion = 16.0.32413.511
MinimumVisualStudioVersion = 10.0.40219.1
Project("{FAE04EC0-301F-11D3-BF4B-00C04F79EFBC}") = "Clases", "Clases\Clases.csproj", "{EC224FF5-FA06-4CEE-AEA3-BADE2A78B7B3}"
EndProject
Project("{FAE04EC0-301F-11D3-BF4B-00C04F79EFBC}") = "VibroMath", "VibroMath2\VibroMath.csproj", "{347C41D4-2B89-4D87-AAD1-43ADDC71376D}"
EndProject
Project("{FAE04EC0-301F-11D3-BF4B-00C04F79EFBC}") = "ForRound", "Round\ForRound.csproj", "{D8368371-8833-4203-85E0-4646F3D1B6E8}"
EndProject
Global
	GlobalSection(SolutionConfigurationPlatforms) = preSolution
		Debug|Any CPU = Debug|Any CPU
		Release|Any CPU = Release|Any CPU
	EndGlobalSection
	GlobalSection(ProjectConfigurationPlatforms) = postSolution
		{EC224FF5-FA06-4CEE-AEA3-BADE2A78B7B3}.Debug|Any CPU.ActiveCfg = Debug|Any CPU
		{EC224FF5-FA06-4CEE-AEA3-BADE2A78B7B3}.Debug|Any CPU.Build.0 = Debug|Any CPU
		{EC224FF5-FA06-4CEE-AEA3-BADE2A78B7B3}.Release|Any CPU.ActiveCfg = Release|Any CPU
		{EC224FF5-FA06-4CEE-AEA3-BADE2A78B7B3}.Release|Any CPU.Build.0 = Release|Any CPU
		{347C41D4-2B89-4D87-AAD1-43ADDC71376D}.Debug|Any CPU.ActiveCfg = Debug|Any CPU
		{347C41D4-2B89-4D87-AAD1-43ADDC71376D}.Debug|Any CPU.Build.0 = Debug|Any CPU
		{347C41D4-2B89-4D87-AAD1-43ADDC71376D}.Release|Any CPU.ActiveCfg = Release|Any CPU
		{347C41D4-2B89-4D87-AAD1-43ADDC71376D}.Release|Any CPU.Build.0 = Release|Any CPU
		{D8368371-8833-4203-85E0-4646F3D1B6E8}.Debug|Any CPU.ActiveCfg = Debug|Any CPU
		{D8368371-8833-4203-85E0-4646F3D1B6E8}.Debug|Any CPU.Build.0 = Debug|Any CPU
		{D8368371-8833-4203-85E0-4646F3D1B6E8}.Release|Any CPU.ActiveCfg = Release|Any CPU
		{D8368371-8833-4203-85E0-4646F3D1B6E8}.Release|Any CPU.Build.0 = Release|Any CPU
	EndGlobalSection
	GlobalSection(SolutionProperties) = preSolution
		HideSolutionNode = FALSE
	EndGlobalSection
	GlobalSection(ExtensibilityGlobals) = postSolution
		SolutionGuid = {F59CB08F-5E2A-48AF-9DF4-C9A8B0F47473}
	EndGlobalSection
EndGlobal
